
Microsoft Visual Studio Solution File, Format Version 12.00
# Visual Studio Version 17
VisualStudioVersion = 17.3.32901.215
MinimumVisualStudioVersion = 10.0.40219.1
Project("{FAE04EC0-301F-11D3-BF4B-00C04F79EFBC}") = "FundamentosCSHARP", "FundamentosCSHARP\FundamentosCSHARP.csproj", "{892ECE03-894A-43AD-8AFB-EF848A3DEF63}"
EndProject
Global
	GlobalSection(SolutionConfigurationPlatforms) = preSolution
		Debug|Any CPU = Debug|Any CPU
		Release|Any CPU = Release|Any CPU
	EndGlobalSection
	GlobalSection(ProjectConfigurationPlatforms) = postSolution
		{892ECE03-894A-43AD-8AFB-EF848A3DEF63}.Debug|Any CPU.ActiveCfg = Debug|Any CPU
		{892ECE03-894A-43AD-8AFB-EF848A3DEF63}.Debug|Any CPU.Build.0 = Debug|Any CPU
		{892ECE03-894A-43AD-8AFB-EF848A3DEF63}.Release|Any CPU.ActiveCfg = Release|Any CPU
		{892ECE03-894A-43AD-8AFB-EF848A3DEF63}.Release|Any CPU.Build.0 = Release|Any CPU
	EndGlobalSection
	GlobalSection(SolutionProperties) = preSolution
		HideSolutionNode = FALSE
	EndGlobalSection
	GlobalSection(ExtensibilityGlobals) = postSolution
		SolutionGuid = {87B102FC-B1F0-4E72-B9CF-BF84232B1B2F}
	EndGlobalSection
EndGlobal
